// !$*UTF8*$!
{
	archiveVersion = 1;
	classes = {
	};
	objectVersion = 51;
	objects = {

/* Begin PBXBuildFile section */
		305E8D1108B66B059E8FB631 /* Pods_HomeWork14.framework in Frameworks */ = {isa = PBXBuildFile; fileRef = 83C0414CFF652732360EC18D /* Pods_HomeWork14.framework */; };
		921E178D2400EEAE00E897A7 /* ViewController3.swift in Sources */ = {isa = PBXBuildFile; fileRef = 921E178C2400EEAE00E897A7 /* ViewController3.swift */; };
		92B57E8223FFB76100C6E17F /* AppDelegate.swift in Sources */ = {isa = PBXBuildFile; fileRef = 92B57E8123FFB76100C6E17F /* AppDelegate.swift */; };
		92B57E8423FFB76100C6E17F /* SceneDelegate.swift in Sources */ = {isa = PBXBuildFile; fileRef = 92B57E8323FFB76100C6E17F /* SceneDelegate.swift */; };
		92B57E8623FFB76100C6E17F /* ViewController.swift in Sources */ = {isa = PBXBuildFile; fileRef = 92B57E8523FFB76100C6E17F /* ViewController.swift */; };
		92B57E8923FFB76100C6E17F /* Main.storyboard in Resources */ = {isa = PBXBuildFile; fileRef = 92B57E8723FFB76100C6E17F /* Main.storyboard */; };
		92B57E8C23FFB76100C6E17F /* HomeWork14.xcdatamodeld in Sources */ = {isa = PBXBuildFile; fileRef = 92B57E8A23FFB76100C6E17F /* HomeWork14.xcdatamodeld */; };
		92B57E8E23FFB76300C6E17F /* Assets.xcassets in Resources */ = {isa = PBXBuildFile; fileRef = 92B57E8D23FFB76300C6E17F /* Assets.xcassets */; };
		92B57E9123FFB76300C6E17F /* LaunchScreen.storyboard in Resources */ = {isa = PBXBuildFile; fileRef = 92B57E8F23FFB76300C6E17F /* LaunchScreen.storyboard */; };
		92B57E9923FFB87200C6E17F /* ViewController2.swift in Sources */ = {isa = PBXBuildFile; fileRef = 92B57E9823FFB87200C6E17F /* ViewController2.swift */; };
		92B57E9B23FFBAB800C6E17F /* Persistance.swift in Sources */ = {isa = PBXBuildFile; fileRef = 92B57E9A23FFBAB800C6E17F /* Persistance.swift */; };
		92FEF78B2401370F007B6963 /* ViewController4.swift in Sources */ = {isa = PBXBuildFile; fileRef = 92FEF78A2401370F007B6963 /* ViewController4.swift */; };
		92FEF78D240137D6007B6963 /* WeatherLoader.swift in Sources */ = {isa = PBXBuildFile; fileRef = 92FEF78C240137D6007B6963 /* WeatherLoader.swift */; };
		92FEF78F240138A2007B6963 /* MyTableViewCell.swift in Sources */ = {isa = PBXBuildFile; fileRef = 92FEF78E240138A2007B6963 /* MyTableViewCell.swift */; };
		92FEF791240138ED007B6963 /* Model.swift in Sources */ = {isa = PBXBuildFile; fileRef = 92FEF790240138ED007B6963 /* Model.swift */; };
/* End PBXBuildFile section */

/* Begin PBXFileReference section */
		34A6844F931EF37C4AD9B825 /* Pods-HomeWork14.debug.xcconfig */ = {isa = PBXFileReference; includeInIndex = 1; lastKnownFileType = text.xcconfig; name = "Pods-HomeWork14.debug.xcconfig"; path = "Target Support Files/Pods-HomeWork14/Pods-HomeWork14.debug.xcconfig"; sourceTree = "<group>"; };
		3D945C97BEA6269356A8D2EF /* Pods-HomeWork14.release.xcconfig */ = {isa = PBXFileReference; includeInIndex = 1; lastKnownFileType = text.xcconfig; name = "Pods-HomeWork14.release.xcconfig"; path = "Target Support Files/Pods-HomeWork14/Pods-HomeWork14.release.xcconfig"; sourceTree = "<group>"; };
		83C0414CFF652732360EC18D /* Pods_HomeWork14.framework */ = {isa = PBXFileReference; explicitFileType = wrapper.framework; includeInIndex = 0; path = Pods_HomeWork14.framework; sourceTree = BUILT_PRODUCTS_DIR; };
		921E178C2400EEAE00E897A7 /* ViewController3.swift */ = {isa = PBXFileReference; lastKnownFileType = sourcecode.swift; path = ViewController3.swift; sourceTree = "<group>"; };
		92B57E7E23FFB76100C6E17F /* HomeWork14.app */ = {isa = PBXFileReference; explicitFileType = wrapper.application; includeInIndex = 0; path = HomeWork14.app; sourceTree = BUILT_PRODUCTS_DIR; };
		92B57E8123FFB76100C6E17F /* AppDelegate.swift */ = {isa = PBXFileReference; lastKnownFileType = sourcecode.swift; path = AppDelegate.swift; sourceTree = "<group>"; };
		92B57E8323FFB76100C6E17F /* SceneDelegate.swift */ = {isa = PBXFileReference; lastKnownFileType = sourcecode.swift; path = SceneDelegate.swift; sourceTree = "<group>"; };
		92B57E8523FFB76100C6E17F /* ViewController.swift */ = {isa = PBXFileReference; lastKnownFileType = sourcecode.swift; path = ViewController.swift; sourceTree = "<group>"; };
		92B57E8823FFB76100C6E17F /* Base */ = {isa = PBXFileReference; lastKnownFileType = file.storyboard; name = Base; path = Base.lproj/Main.storyboard; sourceTree = "<group>"; };
		92B57E8B23FFB76100C6E17F /* HomeWork14.xcdatamodel */ = {isa = PBXFileReference; lastKnownFileType = wrapper.xcdatamodel; path = HomeWork14.xcdatamodel; sourceTree = "<group>"; };
		92B57E8D23FFB76300C6E17F /* Assets.xcassets */ = {isa = PBXFileReference; lastKnownFileType = folder.assetcatalog; path = Assets.xcassets; sourceTree = "<group>"; };
		92B57E9023FFB76300C6E17F /* Base */ = {isa = PBXFileReference; lastKnownFileType = file.storyboard; name = Base; path = Base.lproj/LaunchScreen.storyboard; sourceTree = "<group>"; };
		92B57E9223FFB76300C6E17F /* Info.plist */ = {isa = PBXFileReference; lastKnownFileType = text.plist.xml; path = Info.plist; sourceTree = "<group>"; };
		92B57E9823FFB87200C6E17F /* ViewController2.swift */ = {isa = PBXFileReference; lastKnownFileType = sourcecode.swift; path = ViewController2.swift; sourceTree = "<group>"; };
		92B57E9A23FFBAB800C6E17F /* Persistance.swift */ = {isa = PBXFileReference; lastKnownFileType = sourcecode.swift; path = Persistance.swift; sourceTree = "<group>"; };
		92FEF78A2401370F007B6963 /* ViewController4.swift */ = {isa = PBXFileReference; lastKnownFileType = sourcecode.swift; path = ViewController4.swift; sourceTree = "<group>"; };
		92FEF78C240137D6007B6963 /* WeatherLoader.swift */ = {isa = PBXFileReference; lastKnownFileType = sourcecode.swift; path = WeatherLoader.swift; sourceTree = "<group>"; };
		92FEF78E240138A2007B6963 /* MyTableViewCell.swift */ = {isa = PBXFileReference; lastKnownFileType = sourcecode.swift; path = MyTableViewCell.swift; sourceTree = "<group>"; };
		92FEF790240138ED007B6963 /* Model.swift */ = {isa = PBXFileReference; lastKnownFileType = sourcecode.swift; path = Model.swift; sourceTree = "<group>"; };
/* End PBXFileReference section */

/* Begin PBXFrameworksBuildPhase section */
		92B57E7B23FFB76100C6E17F /* Frameworks */ = {
			isa = PBXFrameworksBuildPhase;
			buildActionMask = 2147483647;
			files = (
				305E8D1108B66B059E8FB631 /* Pods_HomeWork14.framework in Frameworks */,
			);
			runOnlyForDeploymentPostprocessing = 0;
		};
/* End PBXFrameworksBuildPhase section */

/* Begin PBXGroup section */
		1E031356D94C6AAB6E4BFA1B /* Pods */ = {
			isa = PBXGroup;
			children = (
				34A6844F931EF37C4AD9B825 /* Pods-HomeWork14.debug.xcconfig */,
				3D945C97BEA6269356A8D2EF /* Pods-HomeWork14.release.xcconfig */,
			);
			path = Pods;
			sourceTree = "<group>";
		};
		92B57E7523FFB76100C6E17F = {
			isa = PBXGroup;
			children = (
				92B57E8023FFB76100C6E17F /* HomeWork14 */,
				92B57E7F23FFB76100C6E17F /* Products */,
				1E031356D94C6AAB6E4BFA1B /* Pods */,
				E72408E1598D6EF4ADE11366 /* Frameworks */,
			);
			sourceTree = "<group>";
		};
		92B57E7F23FFB76100C6E17F /* Products */ = {
			isa = PBXGroup;
			children = (
				92B57E7E23FFB76100C6E17F /* HomeWork14.app */,
			);
			name = Products;
			sourceTree = "<group>";
		};
		92B57E8023FFB76100C6E17F /* HomeWork14 */ = {
			isa = PBXGroup;
			children = (
				92B57E8123FFB76100C6E17F /* AppDelegate.swift */,
				92B57E8323FFB76100C6E17F /* SceneDelegate.swift */,
				92B57E8523FFB76100C6E17F /* ViewController.swift */,
				92B57E9823FFB87200C6E17F /* ViewController2.swift */,
				921E178C2400EEAE00E897A7 /* ViewController3.swift */,
				92FEF78A2401370F007B6963 /* ViewController4.swift */,
				92B57E8723FFB76100C6E17F /* Main.storyboard */,
				92FEF78C240137D6007B6963 /* WeatherLoader.swift */,
				92FEF78E240138A2007B6963 /* MyTableViewCell.swift */,
				92FEF790240138ED007B6963 /* Model.swift */,
				92B57E9A23FFBAB800C6E17F /* Persistance.swift */,
				92B57E8D23FFB76300C6E17F /* Assets.xcassets */,
				92B57E8F23FFB76300C6E17F /* LaunchScreen.storyboard */,
				92B57E9223FFB76300C6E17F /* Info.plist */,
				92B57E8A23FFB76100C6E17F /* HomeWork14.xcdatamodeld */,
			);
			path = HomeWork14;
			sourceTree = "<group>";
		};
		E72408E1598D6EF4ADE11366 /* Frameworks */ = {
			isa = PBXGroup;
			children = (
				83C0414CFF652732360EC18D /* Pods_HomeWork14.framework */,
			);
			name = Frameworks;
			sourceTree = "<group>";
		};
/* End PBXGroup section */

/* Begin PBXNativeTarget section */
		92B57E7D23FFB76100C6E17F /* HomeWork14 */ = {
			isa = PBXNativeTarget;
			buildConfigurationList = 92B57E9523FFB76300C6E17F /* Build configuration list for PBXNativeTarget "HomeWork14" */;
			buildPhases = (
				600DDC3C91AF5BFD58101BB7 /* [CP] Check Pods Manifest.lock */,
				92B57E7A23FFB76100C6E17F /* Sources */,
				92B57E7B23FFB76100C6E17F /* Frameworks */,
				92B57E7C23FFB76100C6E17F /* Resources */,
				E6BAF673CBDF5A947DC83A4D /* [CP] Embed Pods Frameworks */,
			);
			buildRules = (
			);
			dependencies = (
			);
			name = HomeWork14;
			productName = HomeWork14;
			productReference = 92B57E7E23FFB76100C6E17F /* HomeWork14.app */;
			productType = "com.apple.product-type.application";
		};
/* End PBXNativeTarget section */

/* Begin PBXProject section */
		92B57E7623FFB76100C6E17F /* Project object */ = {
			isa = PBXProject;
			attributes = {
				LastSwiftUpdateCheck = 1130;
				LastUpgradeCheck = 1130;
				ORGANIZATIONNAME = "Victor Doshchenko";
				TargetAttributes = {
					92B57E7D23FFB76100C6E17F = {
						CreatedOnToolsVersion = 11.3.1;
					};
				};
			};
			buildConfigurationList = 92B57E7923FFB76100C6E17F /* Build configuration list for PBXProject "HomeWork14" */;
			compatibilityVersion = "Xcode 9.3";
			developmentRegion = en;
			hasScannedForEncodings = 0;
			knownRegions = (
				en,
				Base,
			);
			mainGroup = 92B57E7523FFB76100C6E17F;
			productRefGroup = 92B57E7F23FFB76100C6E17F /* Products */;
			projectDirPath = "";
			projectRoot = "";
			targets = (
				92B57E7D23FFB76100C6E17F /* HomeWork14 */,
			);
		};
/* End PBXProject section */

/* Begin PBXResourcesBuildPhase section */
		92B57E7C23FFB76100C6E17F /* Resources */ = {
			isa = PBXResourcesBuildPhase;
			buildActionMask = 2147483647;
			files = (
				92B57E9123FFB76300C6E17F /* LaunchScreen.storyboard in Resources */,
				92B57E8E23FFB76300C6E17F /* Assets.xcassets in Resources */,
				92B57E8923FFB76100C6E17F /* Main.storyboard in Resources */,
			);
			runOnlyForDeploymentPostprocessing = 0;
		};
/* End PBXResourcesBuildPhase section */

/* Begin PBXShellScriptBuildPhase section */
		600DDC3C91AF5BFD58101BB7 /* [CP] Check Pods Manifest.lock */ = {
			isa = PBXShellScriptBuildPhase;
			buildActionMask = 2147483647;
			files = (
			);
			inputFileListPaths = (
			);
			inputPaths = (
				"${PODS_PODFILE_DIR_PATH}/Podfile.lock",
				"${PODS_ROOT}/Manifest.lock",
			);
			name = "[CP] Check Pods Manifest.lock";
			outputFileListPaths = (
			);
			outputPaths = (
				"$(DERIVED_FILE_DIR)/Pods-HomeWork14-checkManifestLockResult.txt",
			);
			runOnlyForDeploymentPostprocessing = 0;
			shellPath = /bin/sh;
			shellScript = "diff \"${PODS_PODFILE_DIR_PATH}/Podfile.lock\" \"${PODS_ROOT}/Manifest.lock\" > /dev/null\nif [ $? != 0 ] ; then\n    # print error to STDERR\n    echo \"error: The sandbox is not in sync with the Podfile.lock. Run 'pod install' or update your CocoaPods installation.\" >&2\n    exit 1\nfi\n# This output is used by Xcode 'outputs' to avoid re-running this script phase.\necho \"SUCCESS\" > \"${SCRIPT_OUTPUT_FILE_0}\"\n";
			showEnvVarsInLog = 0;
		};
		E6BAF673CBDF5A947DC83A4D /* [CP] Embed Pods Frameworks */ = {
			isa = PBXShellScriptBuildPhase;
			buildActionMask = 2147483647;
			files = (
			);
			inputFileListPaths = (
				"${PODS_ROOT}/Target Support Files/Pods-HomeWork14/Pods-HomeWork14-frameworks-${CONFIGURATION}-input-files.xcfilelist",
			);
			name = "[CP] Embed Pods Frameworks";
			outputFileListPaths = (
				"${PODS_ROOT}/Target Support Files/Pods-HomeWork14/Pods-HomeWork14-frameworks-${CONFIGURATION}-output-files.xcfilelist",
			);
			runOnlyForDeploymentPostprocessing = 0;
			shellPath = /bin/sh;
			shellScript = "\"${PODS_ROOT}/Target Support Files/Pods-HomeWork14/Pods-HomeWork14-frameworks.sh\"\n";
			showEnvVarsInLog = 0;
		};
/* End PBXShellScriptBuildPhase section */

/* Begin PBXSourcesBuildPhase section */
		92B57E7A23FFB76100C6E17F /* Sources */ = {
			isa = PBXSourcesBuildPhase;
			buildActionMask = 2147483647;
			files = (
				92B57E9923FFB87200C6E17F /* ViewController2.swift in Sources */,
				92FEF78F240138A2007B6963 /* MyTableViewCell.swift in Sources */,
				92B57E8C23FFB76100C6E17F /* HomeWork14.xcdatamodeld in Sources */,
				92B57E8623FFB76100C6E17F /* ViewController.swift in Sources */,
				92FEF78B2401370F007B6963 /* ViewController4.swift in Sources */,
				92B57E8223FFB76100C6E17F /* AppDelegate.swift in Sources */,
				92B57E8423FFB76100C6E17F /* SceneDelegate.swift in Sources */,
				921E178D2400EEAE00E897A7 /* ViewController3.swift in Sources */,
				92FEF791240138ED007B6963 /* Model.swift in Sources */,
				92FEF78D240137D6007B6963 /* WeatherLoader.swift in Sources */,
				92B57E9B23FFBAB800C6E17F /* Persistance.swift in Sources */,
			);
			runOnlyForDeploymentPostprocessing = 0;
		};
/* End PBXSourcesBuildPhase section */

/* Begin PBXVariantGroup section */
		92B57E8723FFB76100C6E17F /* Main.storyboard */ = {
			isa = PBXVariantGroup;
			children = (
				92B57E8823FFB76100C6E17F /* Base */,
			);
			name = Main.storyboard;
			sourceTree = "<group>";
		};
		92B57E8F23FFB76300C6E17F /* LaunchScreen.storyboard */ = {
			isa = PBXVariantGroup;
			children = (
				92B57E9023FFB76300C6E17F /* Base */,
			);
			name = LaunchScreen.storyboard;
			sourceTree = "<group>";
		};
/* End PBXVariantGroup section */

/* Begin XCBuildConfiguration section */
		92B57E9323FFB76300C6E17F /* Debug */ = {
			isa = XCBuildConfiguration;
			buildSettings = {
				ALWAYS_SEARCH_USER_PATHS = NO;
				CLANG_ANALYZER_NONNULL = YES;
				CLANG_ANALYZER_NUMBER_OBJECT_CONVERSION = YES_AGGRESSIVE;
				CLANG_CXX_LANGUAGE_STANDARD = "gnu++14";
				CLANG_CXX_LIBRARY = "libc++";
				CLANG_ENABLE_MODULES = YES;
				CLANG_ENABLE_OBJC_ARC = YES;
				CLANG_ENABLE_OBJC_WEAK = YES;
				CLANG_WARN_BLOCK_CAPTURE_AUTORELEASING = YES;
				CLANG_WARN_BOOL_CONVERSION = YES;
				CLANG_WARN_COMMA = YES;
				CLANG_WARN_CONSTANT_CONVERSION = YES;
				CLANG_WARN_DEPRECATED_OBJC_IMPLEMENTATIONS = YES;
				CLANG_WARN_DIRECT_OBJC_ISA_USAGE = YES_ERROR;
				CLANG_WARN_DOCUMENTATION_COMMENTS = YES;
				CLANG_WARN_EMPTY_BODY = YES;
				CLANG_WARN_ENUM_CONVERSION = YES;
				CLANG_WARN_INFINITE_RECURSION = YES;
				CLANG_WARN_INT_CONVERSION = YES;
				CLANG_WARN_NON_LITERAL_NULL_CONVERSION = YES;
				CLANG_WARN_OBJC_IMPLICIT_RETAIN_SELF = YES;
				CLANG_WARN_OBJC_LITERAL_CONVERSION = YES;
				CLANG_WARN_OBJC_ROOT_CLASS = YES_ERROR;
				CLANG_WARN_RANGE_LOOP_ANALYSIS = YES;
				CLANG_WARN_STRICT_PROTOTYPES = YES;
				CLANG_WARN_SUSPICIOUS_MOVE = YES;
				CLANG_WARN_UNGUARDED_AVAILABILITY = YES_AGGRESSIVE;
				CLANG_WARN_UNREACHABLE_CODE = YES;
				CLANG_WARN__DUPLICATE_METHOD_MATCH = YES;
				COPY_PHASE_STRIP = NO;
				DEBUG_INFORMATION_FORMAT = dwarf;
				ENABLE_STRICT_OBJC_MSGSEND = YES;
				ENABLE_TESTABILITY = YES;
				GCC_C_LANGUAGE_STANDARD = gnu11;
				GCC_DYNAMIC_NO_PIC = NO;
				GCC_NO_COMMON_BLOCKS = YES;
				GCC_OPTIMIZATION_LEVEL = 0;
				GCC_PREPROCESSOR_DEFINITIONS = (
					"DEBUG=1",
					"$(inherited)",
				);
				GCC_WARN_64_TO_32_BIT_CONVERSION = YES;
				GCC_WARN_ABOUT_RETURN_TYPE = YES_ERROR;
				GCC_WARN_UNDECLARED_SELECTOR = YES;
				GCC_WARN_UNINITIALIZED_AUTOS = YES_AGGRESSIVE;
				GCC_WARN_UNUSED_FUNCTION = YES;
				GCC_WARN_UNUSED_VARIABLE = YES;
				IPHONEOS_DEPLOYMENT_TARGET = 13.2;
				MTL_ENABLE_DEBUG_INFO = INCLUDE_SOURCE;
				MTL_FAST_MATH = YES;
				ONLY_ACTIVE_ARCH = YES;
				SDKROOT = iphoneos;
				SWIFT_ACTIVE_COMPILATION_CONDITIONS = DEBUG;
				SWIFT_OPTIMIZATION_LEVEL = "-Onone";
			};
			name = Debug;
		};
		92B57E9423FFB76300C6E17F /* Release */ = {
			isa = XCBuildConfiguration;
			buildSettings = {
				ALWAYS_SEARCH_USER_PATHS = NO;
				CLANG_ANALYZER_NONNULL = YES;
				CLANG_ANALYZER_NUMBER_OBJECT_CONVERSION = YES_AGGRESSIVE;
				CLANG_CXX_LANGUAGE_STANDARD = "gnu++14";
				CLANG_CXX_LIBRARY = "libc++";
				CLANG_ENABLE_MODULES = YES;
				CLANG_ENABLE_OBJC_ARC = YES;
				CLANG_ENABLE_OBJC_WEAK = YES;
				CLANG_WARN_BLOCK_CAPTURE_AUTORELEASING = YES;
				CLANG_WARN_BOOL_CONVERSION = YES;
				CLANG_WARN_COMMA = YES;
				CLANG_WARN_CONSTANT_CONVERSION = YES;
				CLANG_WARN_DEPRECATED_OBJC_IMPLEMENTATIONS = YES;
				CLANG_WARN_DIRECT_OBJC_ISA_USAGE = YES_ERROR;
				CLANG_WARN_DOCUMENTATION_COMMENTS = YES;
				CLANG_WARN_EMPTY_BODY = YES;
				CLANG_WARN_ENUM_CONVERSION = YES;
				CLANG_WARN_INFINITE_RECURSION = YES;
				CLANG_WARN_INT_CONVERSION = YES;
				CLANG_WARN_NON_LITERAL_NULL_CONVERSION = YES;
				CLANG_WARN_OBJC_IMPLICIT_RETAIN_SELF = YES;
				CLANG_WARN_OBJC_LITERAL_CONVERSION = YES;
				CLANG_WARN_OBJC_ROOT_CLASS = YES_ERROR;
				CLANG_WARN_RANGE_LOOP_ANALYSIS = YES;
				CLANG_WARN_STRICT_PROTOTYPES = YES;
				CLANG_WARN_SUSPICIOUS_MOVE = YES;
				CLANG_WARN_UNGUARDED_AVAILABILITY = YES_AGGRESSIVE;
				CLANG_WARN_UNREACHABLE_CODE = YES;
				CLANG_WARN__DUPLICATE_METHOD_MATCH = YES;
				COPY_PHASE_STRIP = NO;
				DEBUG_INFORMATION_FORMAT = "dwarf-with-dsym";
				ENABLE_NS_ASSERTIONS = NO;
				ENABLE_STRICT_OBJC_MSGSEND = YES;
				GCC_C_LANGUAGE_STANDARD = gnu11;
				GCC_NO_COMMON_BLOCKS = YES;
				GCC_WARN_64_TO_32_BIT_CONVERSION = YES;
				GCC_WARN_ABOUT_RETURN_TYPE = YES_ERROR;
				GCC_WARN_UNDECLARED_SELECTOR = YES;
				GCC_WARN_UNINITIALIZED_AUTOS = YES_AGGRESSIVE;
				GCC_WARN_UNUSED_FUNCTION = YES;
				GCC_WARN_UNUSED_VARIABLE = YES;
				IPHONEOS_DEPLOYMENT_TARGET = 13.2;
				MTL_ENABLE_DEBUG_INFO = NO;
				MTL_FAST_MATH = YES;
				SDKROOT = iphoneos;
				SWIFT_COMPILATION_MODE = wholemodule;
				SWIFT_OPTIMIZATION_LEVEL = "-O";
				VALIDATE_PRODUCT = YES;
			};
			name = Release;
		};
		92B57E9623FFB76300C6E17F /* Debug */ = {
			isa = XCBuildConfiguration;
			baseConfigurationReference = 34A6844F931EF37C4AD9B825 /* Pods-HomeWork14.debug.xcconfig */;
			buildSettings = {
				ASSETCATALOG_COMPILER_APPICON_NAME = AppIcon;
				CODE_SIGN_STYLE = Automatic;
				INFOPLIST_FILE = HomeWork14/Info.plist;
				LD_RUNPATH_SEARCH_PATHS = (
					"$(inherited)",
					"@executable_path/Frameworks",
				);
				PRODUCT_BUNDLE_IDENTIFIER = vd.HomeWork14;
				PRODUCT_NAME = "$(TARGET_NAME)";
				SWIFT_VERSION = 5.0;
				TARGETED_DEVICE_FAMILY = "1,2";
			};
			name = Debug;
		};
		92B57E9723FFB76300C6E17F /* Release */ = {
			isa = XCBuildConfiguration;
			baseConfigurationReference = 3D945C97BEA6269356A8D2EF /* Pods-HomeWork14.release.xcconfig */;
			buildSettings = {
				ASSETCATALOG_COMPILER_APPICON_NAME = AppIcon;
				CODE_SIGN_STYLE = Automatic;
				INFOPLIST_FILE = HomeWork14/Info.plist;
				LD_RUNPATH_SEARCH_PATHS = (
					"$(inherited)",
					"@executable_path/Frameworks",
				);
				PRODUCT_BUNDLE_IDENTIFIER = vd.HomeWork14;
				PRODUCT_NAME = "$(TARGET_NAME)";
				SWIFT_VERSION = 5.0;
				TARGETED_DEVICE_FAMILY = "1,2";
			};
			name = Release;
		};
/* End XCBuildConfiguration section */

/* Begin XCConfigurationList section */
		92B57E7923FFB76100C6E17F /* Build configuration list for PBXProject "HomeWork14" */ = {
			isa = XCConfigurationList;
			buildConfigurations = (
				92B57E9323FFB76300C6E17F /* Debug */,
				92B57E9423FFB76300C6E17F /* Release */,
			);
			defaultConfigurationIsVisible = 0;
			defaultConfigurationName = Release;
		};
		92B57E9523FFB76300C6E17F /* Build configuration list for PBXNativeTarget "HomeWork14" */ = {
			isa = XCConfigurationList;
			buildConfigurations = (
				92B57E9623FFB76300C6E17F /* Debug */,
				92B57E9723FFB76300C6E17F /* Release */,
			);
			defaultConfigurationIsVisible = 0;
			defaultConfigurationName = Release;
		};
/* End XCConfigurationList section */

/* Begin XCVersionGroup section */
		92B57E8A23FFB76100C6E17F /* HomeWork14.xcdatamodeld */ = {
			isa = XCVersionGroup;
			children = (
				92B57E8B23FFB76100C6E17F /* HomeWork14.xcdatamodel */,
			);
			currentVersion = 92B57E8B23FFB76100C6E17F /* HomeWork14.xcdatamodel */;
			path = HomeWork14.xcdatamodeld;
			sourceTree = "<group>";
			versionGroupType = wrapper.xcdatamodel;
		};
/* End XCVersionGroup section */
	};
	rootObject = 92B57E7623FFB76100C6E17F /* Project object */;
}
